
Microsoft Visual Studio Solution File, Format Version 12.00
# Visual Studio Version 16
VisualStudioVersion = 16.0.29102.190
MinimumVisualStudioVersion = 10.0.40219.1
Project("{FAE04EC0-301F-11D3-BF4B-00C04F79EFBC}") = "Assignment 4", "Assignment 4\Assignment 4.csproj", "{566F9B21-9DAC-41B4-83CA-006BAFC84E48}"
EndProject
Global
	GlobalSection(SolutionConfigurationPlatforms) = preSolution
		Debug|Any CPU = Debug|Any CPU
		Release|Any CPU = Release|Any CPU
	EndGlobalSection
	GlobalSection(ProjectConfigurationPlatforms) = postSolution
		{566F9B21-9DAC-41B4-83CA-006BAFC84E48}.Debug|Any CPU.ActiveCfg = Debug|Any CPU
		{566F9B21-9DAC-41B4-83CA-006BAFC84E48}.Debug|Any CPU.Build.0 = Debug|Any CPU
		{566F9B21-9DAC-41B4-83CA-006BAFC84E48}.Release|Any CPU.ActiveCfg = Release|Any CPU
		{566F9B21-9DAC-41B4-83CA-006BAFC84E48}.Release|Any CPU.Build.0 = Release|Any CPU
	EndGlobalSection
	GlobalSection(SolutionProperties) = preSolution
		HideSolutionNode = FALSE
	EndGlobalSection
	GlobalSection(ExtensibilityGlobals) = postSolution
		SolutionGuid = {071FBBDC-7061-42A8-8765-5C0C5CF311FB}
	EndGlobalSection
EndGlobal
